{
  "name": "pyopcuasim",
  "version": "1.0.0",
  "lockfileVersion": 3,
  "requires": true,
  "packages": {
    "": {
      "name": "pyopcuasim",
      "version": "1.0.0",
      "license": "ISC",
      "dependencies": {
        "@siemens/ix": "^3.1.0"
      }
    },
    "node_modules/@siemens/ix": {
      "version": "3.1.0",
      "resolved": "https://registry.npmjs.org/@siemens/ix/-/ix-3.1.0.tgz",
      "integrity": "sha512-Nunq+iMUKi39Jcr2r19Nn8Vdy/RTwMpcBWPK28p60fETcj1WYg1j9WepECrpgAO7DtO44CRYjjRt7x7zt0p6KA==",
      "license": "MIT",
      "peerDependencies": {
        "@siemens/ix-icons": "^3.0.0"
      }
    },
    "node_modules/@siemens/ix-icons": {
      "version": "3.1.1",
      "resolved": "https://registry.npmjs.org/@siemens/ix-icons/-/ix-icons-3.1.1.tgz",
      "integrity": "sha512-b+Hm35ORPpf0cwp3v7FP42LaCNUbUjIY2yZ/d8TGo6fitkOSD1moQpsioRrwdcNMmCtO5of4g/8w9/wuQjSTiw==",
      "license": "MIT",
      "peer": true,
      "engines": {
        "node": ">=18.x.x",
        "pnpm": ">=9.x.x"
      }
    }
  }
}
